
Microsoft Visual Studio Solution File, Format Version 12.00
# Visual Studio Version 16
VisualStudioVersion = 16.0.30503.244
MinimumVisualStudioVersion = 10.0.40219.1
Project("{FAE04EC0-301F-11D3-BF4B-00C04F79EFBC}") = "ExamBashilov", "ExamBashilov\ExamBashilov.csproj", "{5FDADEA1-4FDF-4637-A1BE-3E7830D8778A}"
EndProject
Global
	GlobalSection(SolutionConfigurationPlatforms) = preSolution
		Debug|Any CPU = Debug|Any CPU
		Release|Any CPU = Release|Any CPU
	EndGlobalSection
	GlobalSection(ProjectConfigurationPlatforms) = postSolution
		{5FDADEA1-4FDF-4637-A1BE-3E7830D8778A}.Debug|Any CPU.ActiveCfg = Debug|Any CPU
		{5FDADEA1-4FDF-4637-A1BE-3E7830D8778A}.Debug|Any CPU.Build.0 = Debug|Any CPU
		{5FDADEA1-4FDF-4637-A1BE-3E7830D8778A}.Release|Any CPU.ActiveCfg = Release|Any CPU
		{5FDADEA1-4FDF-4637-A1BE-3E7830D8778A}.Release|Any CPU.Build.0 = Release|Any CPU
	EndGlobalSection
	GlobalSection(SolutionProperties) = preSolution
		HideSolutionNode = FALSE
	EndGlobalSection
	GlobalSection(ExtensibilityGlobals) = postSolution
		SolutionGuid = {5E2610DF-CDCC-4563-9C60-AF944DF0D7ED}
	EndGlobalSection
EndGlobal
